
Microsoft Visual Studio Solution File, Format Version 12.00
# Visual Studio Version 16
VisualStudioVersion = 16.0.31019.35
MinimumVisualStudioVersion = 10.0.40219.1
Project("{2150E333-8FDC-42A3-9474-1A3956D46DE8}") = "U01", "U01", "{5C416162-87C9-4FDE-B248-09F1F581B4E1}"
EndProject
Project("{8BC9CEB8-8B4A-11D0-8D11-00A0C91BC942}") = "AlohaWorld", "U01\AlohaWorld\AlohaWorld.vcxproj", "{A9AC4C8B-D350-472B-AC57-8FFC62E0C3D3}"
EndProject
Project("{8BC9CEB8-8B4A-11D0-8D11-00A0C91BC942}") = "TestSwap", "U01\TestSwap\TestSwap.vcxproj", "{D338708D-DE08-4ECE-8C52-A95EB86C93EA}"
EndProject
Project("{8BC9CEB8-8B4A-11D0-8D11-00A0C91BC942}") = "Conversion", "U01\Conversion\Conversion.vcxproj", "{442195FF-EA85-40E7-876A-E5F9982D68B3}"
EndProject
Project("{8BC9CEB8-8B4A-11D0-8D11-00A0C91BC942}") = "cppversion", "U01\cppversion\cppversion.vcxproj", "{6588CA06-70E6-4E5A-B24F-193521F62553}"
EndProject
Project("{2150E333-8FDC-42A3-9474-1A3956D46DE8}") = "U03", "U03", "{479DD1FC-1DD8-498B-ABE4-F7388046AE20}"
EndProject
Project("{8BC9CEB8-8B4A-11D0-8D11-00A0C91BC942}") = "overloading", "U02\overloading\overloading.vcxproj", "{B579D9FC-1630-4C46-8F7D-D41147193728}"
EndProject
Project("{8BC9CEB8-8B4A-11D0-8D11-00A0C91BC942}") = "exercise3", "U02\exercise\exercise.vcxproj", "{889B6902-EE0E-462A-845C-79557E966B93}"
EndProject
Project("{8BC9CEB8-8B4A-11D0-8D11-00A0C91BC942}") = "exercise4", "U02\exercise4\exercise4.vcxproj", "{E66314CF-3763-4044-870B-463A32E0667A}"
EndProject
Project("{8BC9CEB8-8B4A-11D0-8D11-00A0C91BC942}") = "exercise5", "U02\exercise5\exercise5.vcxproj", "{5412A822-6A48-415C-AE27-D63F2471717F}"
EndProject
Project("{2150E333-8FDC-42A3-9474-1A3956D46DE8}") = "U04", "U04", "{A7DF65A0-CF72-4B0A-889B-D008E73DDC60}"
EndProject
Project("{8BC9CEB8-8B4A-11D0-8D11-00A0C91BC942}") = "MyString", "U04\exercise1\exercise1.vcxproj", "{CFA8F051-2FB7-4707-B847-CF858C88CE7F}"
EndProject
Project("{8BC9CEB8-8B4A-11D0-8D11-00A0C91BC942}") = "homework(regex)", "U04\homework1\homework1.vcxproj", "{9C316E7D-8EED-484C-BC9C-54F2606EA5D6}"
EndProject
Project("{8BC9CEB8-8B4A-11D0-8D11-00A0C91BC942}") = "homework1", "U04\homework2\homework2.vcxproj", "{47976735-F34B-4734-BD71-BDCF31E0A0A2}"
EndProject
Project("{8BC9CEB8-8B4A-11D0-8D11-00A0C91BC942}") = "homework4", "U04\homework4\homework4.vcxproj", "{2D7DC511-D347-4D2E-95DA-34B27E010917}"
EndProject
Project("{2150E333-8FDC-42A3-9474-1A3956D46DE8}") = "U05", "U05", "{9935B223-FD33-4432-838D-713F4C1B351A}"
EndProject
Project("{8BC9CEB8-8B4A-11D0-8D11-00A0C91BC942}") = "homework1", "U05\homework1\homework1.vcxproj", "{DA4BB73A-CE56-4632-AB99-00043D648949}"
EndProject
Project("{8BC9CEB8-8B4A-11D0-8D11-00A0C91BC942}") = "exercise1", "U05\exercise1\exercise1.vcxproj", "{385CCD0F-0F05-42FB-B5C1-D6DC304A20CC}"
EndProject
Project("{2150E333-8FDC-42A3-9474-1A3956D46DE8}") = "U06", "U06", "{200BDB28-06FC-4E8B-A51A-E6AE81059511}"
EndProject
Project("{8BC9CEB8-8B4A-11D0-8D11-00A0C91BC942}") = "homework1", "U06\homework1\homework1.vcxproj", "{AC525F23-4939-4599-A81D-3DB0318563E9}"
EndProject
Project("{8BC9CEB8-8B4A-11D0-8D11-00A0C91BC942}") = "exercise2", "U06\exercise2\exercise2.vcxproj", "{8311C86B-E2F7-42BC-9904-5D7D1016E154}"
EndProject
Project("{2150E333-8FDC-42A3-9474-1A3956D46DE8}") = "U07", "U07", "{5B9B107B-0933-465F-8426-1405123CDED2}"
EndProject
Project("{8BC9CEB8-8B4A-11D0-8D11-00A0C91BC942}") = "homework1", "U07\homework1\homework1.vcxproj", "{2D9FB99E-1B3E-4106-A07F-4BB2614C2413}"
EndProject
Project("{2150E333-8FDC-42A3-9474-1A3956D46DE8}") = "U08", "U08", "{10FE1AA7-61F4-4526-B8BE-CE9EE87AD154}"
EndProject
Project("{8BC9CEB8-8B4A-11D0-8D11-00A0C91BC942}") = "homework1", "U08\homework1\homework1.vcxproj", "{70200BBB-32B7-4076-9C0A-33BD39B505CE}"
EndProject
Project("{8BC9CEB8-8B4A-11D0-8D11-00A0C91BC942}") = "homework2", "U08\homework2\homework2.vcxproj", "{072BBC71-F2C9-40C7-AC53-6A024EFE176E}"
EndProject
Project("{8BC9CEB8-8B4A-11D0-8D11-00A0C91BC942}") = "exercise1", "U07\exercise1\exercise1.vcxproj", "{08B5BB21-4E1A-434A-AB7C-C3078E2A35F4}"
EndProject
Project("{8BC9CEB8-8B4A-11D0-8D11-00A0C91BC942}") = "homework2", "U07\homework2\homework2.vcxproj", "{CF077B4F-DC73-4EEE-86E3-B85F780CC729}"
EndProject
Project("{2150E333-8FDC-42A3-9474-1A3956D46DE8}") = "期中", "期中", "{EA22B035-73EF-4DAE-A602-937EAA6E6C7A}"
EndProject
Project("{8BC9CEB8-8B4A-11D0-8D11-00A0C91BC942}") = "MidTerm1", "MidTerm\MidTerm1\MidTerm1.vcxproj", "{9A3A4E03-BA74-4562-B449-8BD36346D827}"
EndProject
Project("{8BC9CEB8-8B4A-11D0-8D11-00A0C91BC942}") = "MidTerm2", "MidTerm\MidTerm2\MidTerm2.vcxproj", "{9B1588FE-5719-4AC5-94B7-EE8D10441DA1}"
EndProject
Project("{8BC9CEB8-8B4A-11D0-8D11-00A0C91BC942}") = "OperatorDereference", "U08\OperatorDereference\OperatorDereference.vcxproj", "{E0FDE032-A68A-4F4D-A69C-1C9C0AB2A8CD}"
EndProject
Project("{8BC9CEB8-8B4A-11D0-8D11-00A0C91BC942}") = "exercise1", "U08\exercise1\exercise1.vcxproj", "{098A71C3-C223-4779-8D53-791419E21AA0}"
EndProject
Project("{2150E333-8FDC-42A3-9474-1A3956D46DE8}") = "U09", "U09", "{336482F1-EE85-47A0-8001-FE4ED3D620BE}"
EndProject
Project("{8BC9CEB8-8B4A-11D0-8D11-00A0C91BC942}") = "homework", "U09\homework\homework.vcxproj", "{1921A598-6C10-429A-A8F0-C88DB469BA62}"
EndProject
Project("{8BC9CEB8-8B4A-11D0-8D11-00A0C91BC942}") = "exercise1", "U09\exercise1\exercise1.vcxproj", "{7646F67A-355C-470B-A99E-CF51781EC678}"
EndProject
Project("{2150E333-8FDC-42A3-9474-1A3956D46DE8}") = "U10", "U10", "{E503990A-BD0B-4D2C-B8CC-65DAB84D0DC1}"
EndProject
Project("{8BC9CEB8-8B4A-11D0-8D11-00A0C91BC942}") = "homework", "U10\homework\homework.vcxproj", "{A462DC46-1529-4CC3-B68F-4620E474E40E}"
EndProject
Project("{2150E333-8FDC-42A3-9474-1A3956D46DE8}") = "U11", "U11", "{126175C6-6423-44AC-9FA1-642C08F948D1}"
EndProject
Project("{8BC9CEB8-8B4A-11D0-8D11-00A0C91BC942}") = "homework1", "U11\homework1\homework1.vcxproj", "{4FAB6D1F-DF48-4CC9-A0FD-15960C703D2A}"
EndProject
Project("{8BC9CEB8-8B4A-11D0-8D11-00A0C91BC942}") = "exercise1", "U10\exercise1\exercise1.vcxproj", "{FEF56BB5-46EE-476A-96AD-4685C4382D66}"
EndProject
Project("{8BC9CEB8-8B4A-11D0-8D11-00A0C91BC942}") = "exercise2", "U10\exercise2\exercise2.vcxproj", "{2551AC04-85AB-4F2B-A196-D87A4E42D638}"
EndProject
Project("{8BC9CEB8-8B4A-11D0-8D11-00A0C91BC942}") = "exercise1", "U11\exercise1\exercise1.vcxproj", "{4C400FC1-710C-4557-829E-6010018B7792}"
EndProject
Project("{8BC9CEB8-8B4A-11D0-8D11-00A0C91BC942}") = "exercise2", "U11\exercise2\exercise2.vcxproj", "{C849F6AB-0D47-404F-A615-69798251DE8D}"
EndProject
Project("{2150E333-8FDC-42A3-9474-1A3956D46DE8}") = "期末", "期末", "{01818998-A7A2-4B04-9C5B-F35050E82E2F}"
EndProject
Project("{8BC9CEB8-8B4A-11D0-8D11-00A0C91BC942}") = "NoBUG", "期末\ex\ex.vcxproj", "{48223252-9550-4E4A-BB78-20B51B1EB4D6}"
EndProject
Global
	GlobalSection(SolutionConfigurationPlatforms) = preSolution
		Debug|x64 = Debug|x64
		Debug|x86 = Debug|x86
		Release|x64 = Release|x64
		Release|x86 = Release|x86
	EndGlobalSection
	GlobalSection(ProjectConfigurationPlatforms) = postSolution
		{A9AC4C8B-D350-472B-AC57-8FFC62E0C3D3}.Debug|x64.ActiveCfg = Debug|x64
		{A9AC4C8B-D350-472B-AC57-8FFC62E0C3D3}.Debug|x64.Build.0 = Debug|x64
		{A9AC4C8B-D350-472B-AC57-8FFC62E0C3D3}.Debug|x86.ActiveCfg = Debug|Win32
		{A9AC4C8B-D350-472B-AC57-8FFC62E0C3D3}.Debug|x86.Build.0 = Debug|Win32
		{A9AC4C8B-D350-472B-AC57-8FFC62E0C3D3}.Release|x64.ActiveCfg = Release|x64
		{A9AC4C8B-D350-472B-AC57-8FFC62E0C3D3}.Release|x64.Build.0 = Release|x64
		{A9AC4C8B-D350-472B-AC57-8FFC62E0C3D3}.Release|x86.ActiveCfg = Release|Win32
		{A9AC4C8B-D350-472B-AC57-8FFC62E0C3D3}.Release|x86.Build.0 = Release|Win32
		{D338708D-DE08-4ECE-8C52-A95EB86C93EA}.Debug|x64.ActiveCfg = Debug|x64
		{D338708D-DE08-4ECE-8C52-A95EB86C93EA}.Debug|x64.Build.0 = Debug|x64
		{D338708D-DE08-4ECE-8C52-A95EB86C93EA}.Debug|x86.ActiveCfg = Debug|Win32
		{D338708D-DE08-4ECE-8C52-A95EB86C93EA}.Debug|x86.Build.0 = Debug|Win32
		{D338708D-DE08-4ECE-8C52-A95EB86C93EA}.Release|x64.ActiveCfg = Release|x64
		{D338708D-DE08-4ECE-8C52-A95EB86C93EA}.Release|x64.Build.0 = Release|x64
		{D338708D-DE08-4ECE-8C52-A95EB86C93EA}.Release|x86.ActiveCfg = Release|Win32
		{D338708D-DE08-4ECE-8C52-A95EB86C93EA}.Release|x86.Build.0 = Release|Win32
		{442195FF-EA85-40E7-876A-E5F9982D68B3}.Debug|x64.ActiveCfg = Debug|x64
		{442195FF-EA85-40E7-876A-E5F9982D68B3}.Debug|x64.Build.0 = Debug|x64
		{442195FF-EA85-40E7-876A-E5F9982D68B3}.Debug|x86.ActiveCfg = Debug|Win32
		{442195FF-EA85-40E7-876A-E5F9982D68B3}.Debug|x86.Build.0 = Debug|Win32
		{442195FF-EA85-40E7-876A-E5F9982D68B3}.Release|x64.ActiveCfg = Release|x64
		{442195FF-EA85-40E7-876A-E5F9982D68B3}.Release|x64.Build.0 = Release|x64
		{442195FF-EA85-40E7-876A-E5F9982D68B3}.Release|x86.ActiveCfg = Release|Win32
		{442195FF-EA85-40E7-876A-E5F9982D68B3}.Release|x86.Build.0 = Release|Win32
		{6588CA06-70E6-4E5A-B24F-193521F62553}.Debug|x64.ActiveCfg = Debug|x64
		{6588CA06-70E6-4E5A-B24F-193521F62553}.Debug|x64.Build.0 = Debug|x64
		{6588CA06-70E6-4E5A-B24F-193521F62553}.Debug|x86.ActiveCfg = Debug|Win32
		{6588CA06-70E6-4E5A-B24F-193521F62553}.Debug|x86.Build.0 = Debug|Win32
		{6588CA06-70E6-4E5A-B24F-193521F62553}.Release|x64.ActiveCfg = Release|x64
		{6588CA06-70E6-4E5A-B24F-193521F62553}.Release|x64.Build.0 = Release|x64
		{6588CA06-70E6-4E5A-B24F-193521F62553}.Release|x86.ActiveCfg = Release|Win32
		{6588CA06-70E6-4E5A-B24F-193521F62553}.Release|x86.Build.0 = Release|Win32
		{B579D9FC-1630-4C46-8F7D-D41147193728}.Debug|x64.ActiveCfg = Debug|x64
		{B579D9FC-1630-4C46-8F7D-D41147193728}.Debug|x64.Build.0 = Debug|x64
		{B579D9FC-1630-4C46-8F7D-D41147193728}.Debug|x86.ActiveCfg = Debug|Win32
		{B579D9FC-1630-4C46-8F7D-D41147193728}.Debug|x86.Build.0 = Debug|Win32
		{B579D9FC-1630-4C46-8F7D-D41147193728}.Release|x64.ActiveCfg = Release|x64
		{B579D9FC-1630-4C46-8F7D-D41147193728}.Release|x64.Build.0 = Release|x64
		{B579D9FC-1630-4C46-8F7D-D41147193728}.Release|x86.ActiveCfg = Release|Win32
		{B579D9FC-1630-4C46-8F7D-D41147193728}.Release|x86.Build.0 = Release|Win32
		{889B6902-EE0E-462A-845C-79557E966B93}.Debug|x64.ActiveCfg = Debug|x64
		{889B6902-EE0E-462A-845C-79557E966B93}.Debug|x64.Build.0 = Debug|x64
		{889B6902-EE0E-462A-845C-79557E966B93}.Debug|x86.ActiveCfg = Debug|Win32
		{889B6902-EE0E-462A-845C-79557E966B93}.Debug|x86.Build.0 = Debug|Win32
		{889B6902-EE0E-462A-845C-79557E966B93}.Release|x64.ActiveCfg = Release|x64
		{889B6902-EE0E-462A-845C-79557E966B93}.Release|x64.Build.0 = Release|x64
		{889B6902-EE0E-462A-845C-79557E966B93}.Release|x86.ActiveCfg = Release|Win32
		{889B6902-EE0E-462A-845C-79557E966B93}.Release|x86.Build.0 = Release|Win32
		{E66314CF-3763-4044-870B-463A32E0667A}.Debug|x64.ActiveCfg = Debug|x64
		{E66314CF-3763-4044-870B-463A32E0667A}.Debug|x64.Build.0 = Debug|x64
		{E66314CF-3763-4044-870B-463A32E0667A}.Debug|x86.ActiveCfg = Debug|Win32
		{E66314CF-3763-4044-870B-463A32E0667A}.Debug|x86.Build.0 = Debug|Win32
		{E66314CF-3763-4044-870B-463A32E0667A}.Release|x64.ActiveCfg = Release|x64
		{E66314CF-3763-4044-870B-463A32E0667A}.Release|x64.Build.0 = Release|x64
		{E66314CF-3763-4044-870B-463A32E0667A}.Release|x86.ActiveCfg = Release|Win32
		{E66314CF-3763-4044-870B-463A32E0667A}.Release|x86.Build.0 = Release|Win32
		{5412A822-6A48-415C-AE27-D63F2471717F}.Debug|x64.ActiveCfg = Debug|x64
		{5412A822-6A48-415C-AE27-D63F2471717F}.Debug|x64.Build.0 = Debug|x64
		{5412A822-6A48-415C-AE27-D63F2471717F}.Debug|x86.ActiveCfg = Debug|Win32
		{5412A822-6A48-415C-AE27-D63F2471717F}.Debug|x86.Build.0 = Debug|Win32
		{5412A822-6A48-415C-AE27-D63F2471717F}.Release|x64.ActiveCfg = Release|x64
		{5412A822-6A48-415C-AE27-D63F2471717F}.Release|x64.Build.0 = Release|x64
		{5412A822-6A48-415C-AE27-D63F2471717F}.Release|x86.ActiveCfg = Release|Win32
		{5412A822-6A48-415C-AE27-D63F2471717F}.Release|x86.Build.0 = Release|Win32
		{CFA8F051-2FB7-4707-B847-CF858C88CE7F}.Debug|x64.ActiveCfg = Debug|x64
		{CFA8F051-2FB7-4707-B847-CF858C88CE7F}.Debug|x64.Build.0 = Debug|x64
		{CFA8F051-2FB7-4707-B847-CF858C88CE7F}.Debug|x86.ActiveCfg = Debug|Win32
		{CFA8F051-2FB7-4707-B847-CF858C88CE7F}.Debug|x86.Build.0 = Debug|Win32
		{CFA8F051-2FB7-4707-B847-CF858C88CE7F}.Release|x64.ActiveCfg = Release|x64
		{CFA8F051-2FB7-4707-B847-CF858C88CE7F}.Release|x64.Build.0 = Release|x64
		{CFA8F051-2FB7-4707-B847-CF858C88CE7F}.Release|x86.ActiveCfg = Release|Win32
		{CFA8F051-2FB7-4707-B847-CF858C88CE7F}.Release|x86.Build.0 = Release|Win32
		{9C316E7D-8EED-484C-BC9C-54F2606EA5D6}.Debug|x64.ActiveCfg = Debug|x64
		{9C316E7D-8EED-484C-BC9C-54F2606EA5D6}.Debug|x64.Build.0 = Debug|x64
		{9C316E7D-8EED-484C-BC9C-54F2606EA5D6}.Debug|x86.ActiveCfg = Debug|Win32
		{9C316E7D-8EED-484C-BC9C-54F2606EA5D6}.Debug|x86.Build.0 = Debug|Win32
		{9C316E7D-8EED-484C-BC9C-54F2606EA5D6}.Release|x64.ActiveCfg = Release|x64
		{9C316E7D-8EED-484C-BC9C-54F2606EA5D6}.Release|x64.Build.0 = Release|x64
		{9C316E7D-8EED-484C-BC9C-54F2606EA5D6}.Release|x86.ActiveCfg = Release|Win32
		{9C316E7D-8EED-484C-BC9C-54F2606EA5D6}.Release|x86.Build.0 = Release|Win32
		{47976735-F34B-4734-BD71-BDCF31E0A0A2}.Debug|x64.ActiveCfg = Debug|x64
		{47976735-F34B-4734-BD71-BDCF31E0A0A2}.Debug|x64.Build.0 = Debug|x64
		{47976735-F34B-4734-BD71-BDCF31E0A0A2}.Debug|x86.ActiveCfg = Debug|Win32
		{47976735-F34B-4734-BD71-BDCF31E0A0A2}.Debug|x86.Build.0 = Debug|Win32
		{47976735-F34B-4734-BD71-BDCF31E0A0A2}.Release|x64.ActiveCfg = Release|x64
		{47976735-F34B-4734-BD71-BDCF31E0A0A2}.Release|x64.Build.0 = Release|x64
		{47976735-F34B-4734-BD71-BDCF31E0A0A2}.Release|x86.ActiveCfg = Release|Win32
		{47976735-F34B-4734-BD71-BDCF31E0A0A2}.Release|x86.Build.0 = Release|Win32
		{2D7DC511-D347-4D2E-95DA-34B27E010917}.Debug|x64.ActiveCfg = Debug|x64
		{2D7DC511-D347-4D2E-95DA-34B27E010917}.Debug|x64.Build.0 = Debug|x64
		{2D7DC511-D347-4D2E-95DA-34B27E010917}.Debug|x86.ActiveCfg = Debug|Win32
		{2D7DC511-D347-4D2E-95DA-34B27E010917}.Debug|x86.Build.0 = Debug|Win32
		{2D7DC511-D347-4D2E-95DA-34B27E010917}.Release|x64.ActiveCfg = Release|x64
		{2D7DC511-D347-4D2E-95DA-34B27E010917}.Release|x64.Build.0 = Release|x64
		{2D7DC511-D347-4D2E-95DA-34B27E010917}.Release|x86.ActiveCfg = Release|Win32
		{2D7DC511-D347-4D2E-95DA-34B27E010917}.Release|x86.Build.0 = Release|Win32
		{DA4BB73A-CE56-4632-AB99-00043D648949}.Debug|x64.ActiveCfg = Debug|x64
		{DA4BB73A-CE56-4632-AB99-00043D648949}.Debug|x64.Build.0 = Debug|x64
		{DA4BB73A-CE56-4632-AB99-00043D648949}.Debug|x86.ActiveCfg = Debug|Win32
		{DA4BB73A-CE56-4632-AB99-00043D648949}.Debug|x86.Build.0 = Debug|Win32
		{DA4BB73A-CE56-4632-AB99-00043D648949}.Release|x64.ActiveCfg = Release|x64
		{DA4BB73A-CE56-4632-AB99-00043D648949}.Release|x64.Build.0 = Release|x64
		{DA4BB73A-CE56-4632-AB99-00043D648949}.Release|x86.ActiveCfg = Release|Win32
		{DA4BB73A-CE56-4632-AB99-00043D648949}.Release|x86.Build.0 = Release|Win32
		{385CCD0F-0F05-42FB-B5C1-D6DC304A20CC}.Debug|x64.ActiveCfg = Debug|x64
		{385CCD0F-0F05-42FB-B5C1-D6DC304A20CC}.Debug|x64.Build.0 = Debug|x64
		{385CCD0F-0F05-42FB-B5C1-D6DC304A20CC}.Debug|x86.ActiveCfg = Debug|Win32
		{385CCD0F-0F05-42FB-B5C1-D6DC304A20CC}.Debug|x86.Build.0 = Debug|Win32
		{385CCD0F-0F05-42FB-B5C1-D6DC304A20CC}.Release|x64.ActiveCfg = Release|x64
		{385CCD0F-0F05-42FB-B5C1-D6DC304A20CC}.Release|x64.Build.0 = Release|x64
		{385CCD0F-0F05-42FB-B5C1-D6DC304A20CC}.Release|x86.ActiveCfg = Release|Win32
		{385CCD0F-0F05-42FB-B5C1-D6DC304A20CC}.Release|x86.Build.0 = Release|Win32
		{AC525F23-4939-4599-A81D-3DB0318563E9}.Debug|x64.ActiveCfg = Debug|x64
		{AC525F23-4939-4599-A81D-3DB0318563E9}.Debug|x64.Build.0 = Debug|x64
		{AC525F23-4939-4599-A81D-3DB0318563E9}.Debug|x86.ActiveCfg = Debug|Win32
		{AC525F23-4939-4599-A81D-3DB0318563E9}.Debug|x86.Build.0 = Debug|Win32
		{AC525F23-4939-4599-A81D-3DB0318563E9}.Release|x64.ActiveCfg = Release|x64
		{AC525F23-4939-4599-A81D-3DB0318563E9}.Release|x64.Build.0 = Release|x64
		{AC525F23-4939-4599-A81D-3DB0318563E9}.Release|x86.ActiveCfg = Release|Win32
		{AC525F23-4939-4599-A81D-3DB0318563E9}.Release|x86.Build.0 = Release|Win32
		{8311C86B-E2F7-42BC-9904-5D7D1016E154}.Debug|x64.ActiveCfg = Debug|x64
		{8311C86B-E2F7-42BC-9904-5D7D1016E154}.Debug|x64.Build.0 = Debug|x64
		{8311C86B-E2F7-42BC-9904-5D7D1016E154}.Debug|x86.ActiveCfg = Debug|Win32
		{8311C86B-E2F7-42BC-9904-5D7D1016E154}.Debug|x86.Build.0 = Debug|Win32
		{8311C86B-E2F7-42BC-9904-5D7D1016E154}.Release|x64.ActiveCfg = Release|x64
		{8311C86B-E2F7-42BC-9904-5D7D1016E154}.Release|x64.Build.0 = Release|x64
		{8311C86B-E2F7-42BC-9904-5D7D1016E154}.Release|x86.ActiveCfg = Release|Win32
		{8311C86B-E2F7-42BC-9904-5D7D1016E154}.Release|x86.Build.0 = Release|Win32
		{2D9FB99E-1B3E-4106-A07F-4BB2614C2413}.Debug|x64.ActiveCfg = Debug|x64
		{2D9FB99E-1B3E-4106-A07F-4BB2614C2413}.Debug|x64.Build.0 = Debug|x64
		{2D9FB99E-1B3E-4106-A07F-4BB2614C2413}.Debug|x86.ActiveCfg = Debug|Win32
		{2D9FB99E-1B3E-4106-A07F-4BB2614C2413}.Debug|x86.Build.0 = Debug|Win32
		{2D9FB99E-1B3E-4106-A07F-4BB2614C2413}.Release|x64.ActiveCfg = Release|x64
		{2D9FB99E-1B3E-4106-A07F-4BB2614C2413}.Release|x64.Build.0 = Release|x64
		{2D9FB99E-1B3E-4106-A07F-4BB2614C2413}.Release|x86.ActiveCfg = Release|Win32
		{2D9FB99E-1B3E-4106-A07F-4BB2614C2413}.Release|x86.Build.0 = Release|Win32
		{70200BBB-32B7-4076-9C0A-33BD39B505CE}.Debug|x64.ActiveCfg = Debug|x64
		{70200BBB-32B7-4076-9C0A-33BD39B505CE}.Debug|x64.Build.0 = Debug|x64
		{70200BBB-32B7-4076-9C0A-33BD39B505CE}.Debug|x86.ActiveCfg = Debug|Win32
		{70200BBB-32B7-4076-9C0A-33BD39B505CE}.Debug|x86.Build.0 = Debug|Win32
		{70200BBB-32B7-4076-9C0A-33BD39B505CE}.Release|x64.ActiveCfg = Release|x64
		{70200BBB-32B7-4076-9C0A-33BD39B505CE}.Release|x64.Build.0 = Release|x64
		{70200BBB-32B7-4076-9C0A-33BD39B505CE}.Release|x86.ActiveCfg = Release|Win32
		{70200BBB-32B7-4076-9C0A-33BD39B505CE}.Release|x86.Build.0 = Release|Win32
		{072BBC71-F2C9-40C7-AC53-6A024EFE176E}.Debug|x64.ActiveCfg = Debug|x64
		{072BBC71-F2C9-40C7-AC53-6A024EFE176E}.Debug|x64.Build.0 = Debug|x64
		{072BBC71-F2C9-40C7-AC53-6A024EFE176E}.Debug|x86.ActiveCfg = Debug|Win32
		{072BBC71-F2C9-40C7-AC53-6A024EFE176E}.Debug|x86.Build.0 = Debug|Win32
		{072BBC71-F2C9-40C7-AC53-6A024EFE176E}.Release|x64.ActiveCfg = Release|x64
		{072BBC71-F2C9-40C7-AC53-6A024EFE176E}.Release|x64.Build.0 = Release|x64
		{072BBC71-F2C9-40C7-AC53-6A024EFE176E}.Release|x86.ActiveCfg = Release|Win32
		{072BBC71-F2C9-40C7-AC53-6A024EFE176E}.Release|x86.Build.0 = Release|Win32
		{08B5BB21-4E1A-434A-AB7C-C3078E2A35F4}.Debug|x64.ActiveCfg = Debug|x64
		{08B5BB21-4E1A-434A-AB7C-C3078E2A35F4}.Debug|x64.Build.0 = Debug|x64
		{08B5BB21-4E1A-434A-AB7C-C3078E2A35F4}.Debug|x86.ActiveCfg = Debug|Win32
		{08B5BB21-4E1A-434A-AB7C-C3078E2A35F4}.Debug|x86.Build.0 = Debug|Win32
		{08B5BB21-4E1A-434A-AB7C-C3078E2A35F4}.Release|x64.ActiveCfg = Release|x64
		{08B5BB21-4E1A-434A-AB7C-C3078E2A35F4}.Release|x64.Build.0 = Release|x64
		{08B5BB21-4E1A-434A-AB7C-C3078E2A35F4}.Release|x86.ActiveCfg = Release|Win32
		{08B5BB21-4E1A-434A-AB7C-C3078E2A35F4}.Release|x86.Build.0 = Release|Win32
		{CF077B4F-DC73-4EEE-86E3-B85F780CC729}.Debug|x64.ActiveCfg = Debug|x64
		{CF077B4F-DC73-4EEE-86E3-B85F780CC729}.Debug|x64.Build.0 = Debug|x64
		{CF077B4F-DC73-4EEE-86E3-B85F780CC729}.Debug|x86.ActiveCfg = Debug|Win32
		{CF077B4F-DC73-4EEE-86E3-B85F780CC729}.Debug|x86.Build.0 = Debug|Win32
		{CF077B4F-DC73-4EEE-86E3-B85F780CC729}.Release|x64.ActiveCfg = Release|x64
		{CF077B4F-DC73-4EEE-86E3-B85F780CC729}.Release|x64.Build.0 = Release|x64
		{CF077B4F-DC73-4EEE-86E3-B85F780CC729}.Release|x86.ActiveCfg = Release|Win32
		{CF077B4F-DC73-4EEE-86E3-B85F780CC729}.Release|x86.Build.0 = Release|Win32
		{9A3A4E03-BA74-4562-B449-8BD36346D827}.Debug|x64.ActiveCfg = Debug|x64
		{9A3A4E03-BA74-4562-B449-8BD36346D827}.Debug|x64.Build.0 = Debug|x64
		{9A3A4E03-BA74-4562-B449-8BD36346D827}.Debug|x86.ActiveCfg = Debug|Win32
		{9A3A4E03-BA74-4562-B449-8BD36346D827}.Debug|x86.Build.0 = Debug|Win32
		{9A3A4E03-BA74-4562-B449-8BD36346D827}.Release|x64.ActiveCfg = Release|x64
		{9A3A4E03-BA74-4562-B449-8BD36346D827}.Release|x64.Build.0 = Release|x64
		{9A3A4E03-BA74-4562-B449-8BD36346D827}.Release|x86.ActiveCfg = Release|Win32
		{9A3A4E03-BA74-4562-B449-8BD36346D827}.Release|x86.Build.0 = Release|Win32
		{9B1588FE-5719-4AC5-94B7-EE8D10441DA1}.Debug|x64.ActiveCfg = Debug|x64
		{9B1588FE-5719-4AC5-94B7-EE8D10441DA1}.Debug|x64.Build.0 = Debug|x64
		{9B1588FE-5719-4AC5-94B7-EE8D10441DA1}.Debug|x86.ActiveCfg = Debug|Win32
		{9B1588FE-5719-4AC5-94B7-EE8D10441DA1}.Debug|x86.Build.0 = Debug|Win32
		{9B1588FE-5719-4AC5-94B7-EE8D10441DA1}.Release|x64.ActiveCfg = Release|x64
		{9B1588FE-5719-4AC5-94B7-EE8D10441DA1}.Release|x64.Build.0 = Release|x64
		{9B1588FE-5719-4AC5-94B7-EE8D10441DA1}.Release|x86.ActiveCfg = Release|Win32
		{9B1588FE-5719-4AC5-94B7-EE8D10441DA1}.Release|x86.Build.0 = Release|Win32
		{E0FDE032-A68A-4F4D-A69C-1C9C0AB2A8CD}.Debug|x64.ActiveCfg = Debug|x64
		{E0FDE032-A68A-4F4D-A69C-1C9C0AB2A8CD}.Debug|x64.Build.0 = Debug|x64
		{E0FDE032-A68A-4F4D-A69C-1C9C0AB2A8CD}.Debug|x86.ActiveCfg = Debug|Win32
		{E0FDE032-A68A-4F4D-A69C-1C9C0AB2A8CD}.Debug|x86.Build.0 = Debug|Win32
		{E0FDE032-A68A-4F4D-A69C-1C9C0AB2A8CD}.Release|x64.ActiveCfg = Release|x64
		{E0FDE032-A68A-4F4D-A69C-1C9C0AB2A8CD}.Release|x64.Build.0 = Release|x64
		{E0FDE032-A68A-4F4D-A69C-1C9C0AB2A8CD}.Release|x86.ActiveCfg = Release|Win32
		{E0FDE032-A68A-4F4D-A69C-1C9C0AB2A8CD}.Release|x86.Build.0 = Release|Win32
		{098A71C3-C223-4779-8D53-791419E21AA0}.Debug|x64.ActiveCfg = Debug|x64
		{098A71C3-C223-4779-8D53-791419E21AA0}.Debug|x64.Build.0 = Debug|x64
		{098A71C3-C223-4779-8D53-791419E21AA0}.Debug|x86.ActiveCfg = Debug|Win32
		{098A71C3-C223-4779-8D53-791419E21AA0}.Debug|x86.Build.0 = Debug|Win32
		{098A71C3-C223-4779-8D53-791419E21AA0}.Release|x64.ActiveCfg = Release|x64
		{098A71C3-C223-4779-8D53-791419E21AA0}.Release|x64.Build.0 = Release|x64
		{098A71C3-C223-4779-8D53-791419E21AA0}.Release|x86.ActiveCfg = Release|Win32
		{098A71C3-C223-4779-8D53-791419E21AA0}.Release|x86.Build.0 = Release|Win32
		{1921A598-6C10-429A-A8F0-C88DB469BA62}.Debug|x64.ActiveCfg = Debug|x64
		{1921A598-6C10-429A-A8F0-C88DB469BA62}.Debug|x64.Build.0 = Debug|x64
		{1921A598-6C10-429A-A8F0-C88DB469BA62}.Debug|x86.ActiveCfg = Debug|Win32
		{1921A598-6C10-429A-A8F0-C88DB469BA62}.Debug|x86.Build.0 = Debug|Win32
		{1921A598-6C10-429A-A8F0-C88DB469BA62}.Release|x64.ActiveCfg = Release|x64
		{1921A598-6C10-429A-A8F0-C88DB469BA62}.Release|x64.Build.0 = Release|x64
		{1921A598-6C10-429A-A8F0-C88DB469BA62}.Release|x86.ActiveCfg = Release|Win32
		{1921A598-6C10-429A-A8F0-C88DB469BA62}.Release|x86.Build.0 = Release|Win32
		{7646F67A-355C-470B-A99E-CF51781EC678}.Debug|x64.ActiveCfg = Debug|x64
		{7646F67A-355C-470B-A99E-CF51781EC678}.Debug|x64.Build.0 = Debug|x64
		{7646F67A-355C-470B-A99E-CF51781EC678}.Debug|x86.ActiveCfg = Debug|Win32
		{7646F67A-355C-470B-A99E-CF51781EC678}.Debug|x86.Build.0 = Debug|Win32
		{7646F67A-355C-470B-A99E-CF51781EC678}.Release|x64.ActiveCfg = Release|x64
		{7646F67A-355C-470B-A99E-CF51781EC678}.Release|x64.Build.0 = Release|x64
		{7646F67A-355C-470B-A99E-CF51781EC678}.Release|x86.ActiveCfg = Release|Win32
		{7646F67A-355C-470B-A99E-CF51781EC678}.Release|x86.Build.0 = Release|Win32
		{A462DC46-1529-4CC3-B68F-4620E474E40E}.Debug|x64.ActiveCfg = Debug|x64
		{A462DC46-1529-4CC3-B68F-4620E474E40E}.Debug|x64.Build.0 = Debug|x64
		{A462DC46-1529-4CC3-B68F-4620E474E40E}.Debug|x86.ActiveCfg = Debug|Win32
		{A462DC46-1529-4CC3-B68F-4620E474E40E}.Debug|x86.Build.0 = Debug|Win32
		{A462DC46-1529-4CC3-B68F-4620E474E40E}.Release|x64.ActiveCfg = Release|x64
		{A462DC46-1529-4CC3-B68F-4620E474E40E}.Release|x64.Build.0 = Release|x64
		{A462DC46-1529-4CC3-B68F-4620E474E40E}.Release|x86.ActiveCfg = Release|Win32
		{A462DC46-1529-4CC3-B68F-4620E474E40E}.Release|x86.Build.0 = Release|Win32
		{4FAB6D1F-DF48-4CC9-A0FD-15960C703D2A}.Debug|x64.ActiveCfg = Debug|x64
		{4FAB6D1F-DF48-4CC9-A0FD-15960C703D2A}.Debug|x64.Build.0 = Debug|x64
		{4FAB6D1F-DF48-4CC9-A0FD-15960C703D2A}.Debug|x86.ActiveCfg = Debug|Win32
		{4FAB6D1F-DF48-4CC9-A0FD-15960C703D2A}.Debug|x86.Build.0 = Debug|Win32
		{4FAB6D1F-DF48-4CC9-A0FD-15960C703D2A}.Release|x64.ActiveCfg = Release|x64
		{4FAB6D1F-DF48-4CC9-A0FD-15960C703D2A}.Release|x64.Build.0 = Release|x64
		{4FAB6D1F-DF48-4CC9-A0FD-15960C703D2A}.Release|x86.ActiveCfg = Release|Win32
		{4FAB6D1F-DF48-4CC9-A0FD-15960C703D2A}.Release|x86.Build.0 = Release|Win32
		{FEF56BB5-46EE-476A-96AD-4685C4382D66}.Debug|x64.ActiveCfg = Debug|x64
		{FEF56BB5-46EE-476A-96AD-4685C4382D66}.Debug|x64.Build.0 = Debug|x64
		{FEF56BB5-46EE-476A-96AD-4685C4382D66}.Debug|x86.ActiveCfg = Debug|Win32
		{FEF56BB5-46EE-476A-96AD-4685C4382D66}.Debug|x86.Build.0 = Debug|Win32
		{FEF56BB5-46EE-476A-96AD-4685C4382D66}.Release|x64.ActiveCfg = Release|x64
		{FEF56BB5-46EE-476A-96AD-4685C4382D66}.Release|x64.Build.0 = Release|x64
		{FEF56BB5-46EE-476A-96AD-4685C4382D66}.Release|x86.ActiveCfg = Release|Win32
		{FEF56BB5-46EE-476A-96AD-4685C4382D66}.Release|x86.Build.0 = Release|Win32
		{2551AC04-85AB-4F2B-A196-D87A4E42D638}.Debug|x64.ActiveCfg = Debug|x64
		{2551AC04-85AB-4F2B-A196-D87A4E42D638}.Debug|x64.Build.0 = Debug|x64
		{2551AC04-85AB-4F2B-A196-D87A4E42D638}.Debug|x86.ActiveCfg = Debug|Win32
		{2551AC04-85AB-4F2B-A196-D87A4E42D638}.Debug|x86.Build.0 = Debug|Win32
		{2551AC04-85AB-4F2B-A196-D87A4E42D638}.Release|x64.ActiveCfg = Release|x64
		{2551AC04-85AB-4F2B-A196-D87A4E42D638}.Release|x64.Build.0 = Release|x64
		{2551AC04-85AB-4F2B-A196-D87A4E42D638}.Release|x86.ActiveCfg = Release|Win32
		{2551AC04-85AB-4F2B-A196-D87A4E42D638}.Release|x86.Build.0 = Release|Win32
		{4C400FC1-710C-4557-829E-6010018B7792}.Debug|x64.ActiveCfg = Debug|x64
		{4C400FC1-710C-4557-829E-6010018B7792}.Debug|x64.Build.0 = Debug|x64
		{4C400FC1-710C-4557-829E-6010018B7792}.Debug|x86.ActiveCfg = Debug|Win32
		{4C400FC1-710C-4557-829E-6010018B7792}.Debug|x86.Build.0 = Debug|Win32
		{4C400FC1-710C-4557-829E-6010018B7792}.Release|x64.ActiveCfg = Release|x64
		{4C400FC1-710C-4557-829E-6010018B7792}.Release|x64.Build.0 = Release|x64
		{4C400FC1-710C-4557-829E-6010018B7792}.Release|x86.ActiveCfg = Release|Win32
		{4C400FC1-710C-4557-829E-6010018B7792}.Release|x86.Build.0 = Release|Win32
		{C849F6AB-0D47-404F-A615-69798251DE8D}.Debug|x64.ActiveCfg = Debug|x64
		{C849F6AB-0D47-404F-A615-69798251DE8D}.Debug|x64.Build.0 = Debug|x64
		{C849F6AB-0D47-404F-A615-69798251DE8D}.Debug|x86.ActiveCfg = Debug|Win32
		{C849F6AB-0D47-404F-A615-69798251DE8D}.Debug|x86.Build.0 = Debug|Win32
		{C849F6AB-0D47-404F-A615-69798251DE8D}.Release|x64.ActiveCfg = Release|x64
		{C849F6AB-0D47-404F-A615-69798251DE8D}.Release|x64.Build.0 = Release|x64
		{C849F6AB-0D47-404F-A615-69798251DE8D}.Release|x86.ActiveCfg = Release|Win32
		{C849F6AB-0D47-404F-A615-69798251DE8D}.Release|x86.Build.0 = Release|Win32
		{48223252-9550-4E4A-BB78-20B51B1EB4D6}.Debug|x64.ActiveCfg = Debug|x64
		{48223252-9550-4E4A-BB78-20B51B1EB4D6}.Debug|x64.Build.0 = Debug|x64
		{48223252-9550-4E4A-BB78-20B51B1EB4D6}.Debug|x86.ActiveCfg = Debug|Win32
		{48223252-9550-4E4A-BB78-20B51B1EB4D6}.Debug|x86.Build.0 = Debug|Win32
		{48223252-9550-4E4A-BB78-20B51B1EB4D6}.Release|x64.ActiveCfg = Release|x64
		{48223252-9550-4E4A-BB78-20B51B1EB4D6}.Release|x64.Build.0 = Release|x64
		{48223252-9550-4E4A-BB78-20B51B1EB4D6}.Release|x86.ActiveCfg = Release|Win32
		{48223252-9550-4E4A-BB78-20B51B1EB4D6}.Release|x86.Build.0 = Release|Win32
	EndGlobalSection
	GlobalSection(SolutionProperties) = preSolution
		HideSolutionNode = FALSE
	EndGlobalSection
	GlobalSection(NestedProjects) = preSolution
		{A9AC4C8B-D350-472B-AC57-8FFC62E0C3D3} = {5C416162-87C9-4FDE-B248-09F1F581B4E1}
		{D338708D-DE08-4ECE-8C52-A95EB86C93EA} = {5C416162-87C9-4FDE-B248-09F1F581B4E1}
		{442195FF-EA85-40E7-876A-E5F9982D68B3} = {5C416162-87C9-4FDE-B248-09F1F581B4E1}
		{6588CA06-70E6-4E5A-B24F-193521F62553} = {5C416162-87C9-4FDE-B248-09F1F581B4E1}
		{B579D9FC-1630-4C46-8F7D-D41147193728} = {479DD1FC-1DD8-498B-ABE4-F7388046AE20}
		{889B6902-EE0E-462A-845C-79557E966B93} = {479DD1FC-1DD8-498B-ABE4-F7388046AE20}
		{E66314CF-3763-4044-870B-463A32E0667A} = {479DD1FC-1DD8-498B-ABE4-F7388046AE20}
		{5412A822-6A48-415C-AE27-D63F2471717F} = {479DD1FC-1DD8-498B-ABE4-F7388046AE20}
		{CFA8F051-2FB7-4707-B847-CF858C88CE7F} = {A7DF65A0-CF72-4B0A-889B-D008E73DDC60}
		{9C316E7D-8EED-484C-BC9C-54F2606EA5D6} = {A7DF65A0-CF72-4B0A-889B-D008E73DDC60}
		{47976735-F34B-4734-BD71-BDCF31E0A0A2} = {A7DF65A0-CF72-4B0A-889B-D008E73DDC60}
		{2D7DC511-D347-4D2E-95DA-34B27E010917} = {A7DF65A0-CF72-4B0A-889B-D008E73DDC60}
		{DA4BB73A-CE56-4632-AB99-00043D648949} = {9935B223-FD33-4432-838D-713F4C1B351A}
		{385CCD0F-0F05-42FB-B5C1-D6DC304A20CC} = {9935B223-FD33-4432-838D-713F4C1B351A}
		{AC525F23-4939-4599-A81D-3DB0318563E9} = {200BDB28-06FC-4E8B-A51A-E6AE81059511}
		{8311C86B-E2F7-42BC-9904-5D7D1016E154} = {200BDB28-06FC-4E8B-A51A-E6AE81059511}
		{2D9FB99E-1B3E-4106-A07F-4BB2614C2413} = {5B9B107B-0933-465F-8426-1405123CDED2}
		{70200BBB-32B7-4076-9C0A-33BD39B505CE} = {10FE1AA7-61F4-4526-B8BE-CE9EE87AD154}
		{072BBC71-F2C9-40C7-AC53-6A024EFE176E} = {10FE1AA7-61F4-4526-B8BE-CE9EE87AD154}
		{08B5BB21-4E1A-434A-AB7C-C3078E2A35F4} = {5B9B107B-0933-465F-8426-1405123CDED2}
		{CF077B4F-DC73-4EEE-86E3-B85F780CC729} = {5B9B107B-0933-465F-8426-1405123CDED2}
		{9A3A4E03-BA74-4562-B449-8BD36346D827} = {EA22B035-73EF-4DAE-A602-937EAA6E6C7A}
		{9B1588FE-5719-4AC5-94B7-EE8D10441DA1} = {EA22B035-73EF-4DAE-A602-937EAA6E6C7A}
		{E0FDE032-A68A-4F4D-A69C-1C9C0AB2A8CD} = {10FE1AA7-61F4-4526-B8BE-CE9EE87AD154}
		{098A71C3-C223-4779-8D53-791419E21AA0} = {10FE1AA7-61F4-4526-B8BE-CE9EE87AD154}
		{1921A598-6C10-429A-A8F0-C88DB469BA62} = {336482F1-EE85-47A0-8001-FE4ED3D620BE}
		{7646F67A-355C-470B-A99E-CF51781EC678} = {336482F1-EE85-47A0-8001-FE4ED3D620BE}
		{A462DC46-1529-4CC3-B68F-4620E474E40E} = {E503990A-BD0B-4D2C-B8CC-65DAB84D0DC1}
		{4FAB6D1F-DF48-4CC9-A0FD-15960C703D2A} = {126175C6-6423-44AC-9FA1-642C08F948D1}
		{FEF56BB5-46EE-476A-96AD-4685C4382D66} = {E503990A-BD0B-4D2C-B8CC-65DAB84D0DC1}
		{2551AC04-85AB-4F2B-A196-D87A4E42D638} = {E503990A-BD0B-4D2C-B8CC-65DAB84D0DC1}
		{4C400FC1-710C-4557-829E-6010018B7792} = {126175C6-6423-44AC-9FA1-642C08F948D1}
		{C849F6AB-0D47-404F-A615-69798251DE8D} = {126175C6-6423-44AC-9FA1-642C08F948D1}
		{48223252-9550-4E4A-BB78-20B51B1EB4D6} = {01818998-A7A2-4B04-9C5B-F35050E82E2F}
	EndGlobalSection
	GlobalSection(ExtensibilityGlobals) = postSolution
		SolutionGuid = {B0BB49F5-EDAB-4932-A9E8-691683B5BAA9}
	EndGlobalSection
EndGlobal
